
Microsoft Visual Studio Solution File, Format Version 12.00
# Visual Studio 15
VisualStudioVersion = 15.0.26730.3
MinimumVisualStudioVersion = 10.0.40219.1
Project("{9A19103F-16F7-4668-BE54-9A1E7A4F7556}") = "Website.App", "Website.App\Website.App.csproj", "{03622F79-F856-4C60-98C2-2316A4FFD636}"
EndProject
Project("{9A19103F-16F7-4668-BE54-9A1E7A4F7556}") = "Lib.Framework.Core", "Lib.Framework.Core\Lib.Framework.Core.csproj", "{65B3CA96-A7F5-4AAE-9BCA-F3AD9EB43552}"
EndProject
Project("{2150E333-8FDC-42A3-9474-1A3956D46DE8}") = "Library", "Library", "{E2128B0A-4972-4B4F-9EE2-CF255F5C7F64}"
EndProject
Project("{9A19103F-16F7-4668-BE54-9A1E7A4F7556}") = "Website.Models", "Website.Models\Website.Models.csproj", "{23E0C49A-A6CE-43A1-B435-4F9E9B69505D}"
EndProject
Project("{E53339B2-1760-4266-BCC7-CA923CBCF16C}") = "docker-compose", "docker-compose.dcproj", "{34B2091B-C804-44A4-9683-83DB07ACC4B6}"
EndProject
Project("{9A19103F-16F7-4668-BE54-9A1E7A4F7556}") = "Website.ApiInvoke", "Website.ApiInvoke\Website.ApiInvoke.csproj", "{90F204D4-30F6-4CA2-B8C2-26865244C2A3}"
EndProject
Project("{2150E333-8FDC-42A3-9474-1A3956D46DE8}") = "Websites", "Websites", "{DA4E295B-8462-428B-AA45-0605639C9EBD}"
EndProject
Project("{2150E333-8FDC-42A3-9474-1A3956D46DE8}") = "Services", "Services", "{54B0E563-6FF2-4C9E-893B-CE49C2A124C7}"
EndProject
Project("{FAE04EC0-301F-11D3-BF4B-00C04F79EFBC}") = "Distribution.Engine", "Services\Distribution.Engine\Distribution.Engine.csproj", "{83BD0F4B-C042-4365-A555-570064D96081}"
EndProject
Global
	GlobalSection(SolutionConfigurationPlatforms) = preSolution
		Debug|Any CPU = Debug|Any CPU
		Release|Any CPU = Release|Any CPU
	EndGlobalSection
	GlobalSection(ProjectConfigurationPlatforms) = postSolution
		{03622F79-F856-4C60-98C2-2316A4FFD636}.Debug|Any CPU.ActiveCfg = Debug|Any CPU
		{03622F79-F856-4C60-98C2-2316A4FFD636}.Debug|Any CPU.Build.0 = Debug|Any CPU
		{03622F79-F856-4C60-98C2-2316A4FFD636}.Release|Any CPU.ActiveCfg = Release|Any CPU
		{03622F79-F856-4C60-98C2-2316A4FFD636}.Release|Any CPU.Build.0 = Release|Any CPU
		{65B3CA96-A7F5-4AAE-9BCA-F3AD9EB43552}.Debug|Any CPU.ActiveCfg = Debug|Any CPU
		{65B3CA96-A7F5-4AAE-9BCA-F3AD9EB43552}.Debug|Any CPU.Build.0 = Debug|Any CPU
		{65B3CA96-A7F5-4AAE-9BCA-F3AD9EB43552}.Release|Any CPU.ActiveCfg = Release|Any CPU
		{65B3CA96-A7F5-4AAE-9BCA-F3AD9EB43552}.Release|Any CPU.Build.0 = Release|Any CPU
		{23E0C49A-A6CE-43A1-B435-4F9E9B69505D}.Debug|Any CPU.ActiveCfg = Debug|Any CPU
		{23E0C49A-A6CE-43A1-B435-4F9E9B69505D}.Debug|Any CPU.Build.0 = Debug|Any CPU
		{23E0C49A-A6CE-43A1-B435-4F9E9B69505D}.Release|Any CPU.ActiveCfg = Release|Any CPU
		{23E0C49A-A6CE-43A1-B435-4F9E9B69505D}.Release|Any CPU.Build.0 = Release|Any CPU
		{34B2091B-C804-44A4-9683-83DB07ACC4B6}.Debug|Any CPU.ActiveCfg = Debug|Any CPU
		{34B2091B-C804-44A4-9683-83DB07ACC4B6}.Debug|Any CPU.Build.0 = Debug|Any CPU
		{34B2091B-C804-44A4-9683-83DB07ACC4B6}.Release|Any CPU.ActiveCfg = Release|Any CPU
		{34B2091B-C804-44A4-9683-83DB07ACC4B6}.Release|Any CPU.Build.0 = Release|Any CPU
		{90F204D4-30F6-4CA2-B8C2-26865244C2A3}.Debug|Any CPU.ActiveCfg = Debug|Any CPU
		{90F204D4-30F6-4CA2-B8C2-26865244C2A3}.Debug|Any CPU.Build.0 = Debug|Any CPU
		{90F204D4-30F6-4CA2-B8C2-26865244C2A3}.Release|Any CPU.ActiveCfg = Release|Any CPU
		{90F204D4-30F6-4CA2-B8C2-26865244C2A3}.Release|Any CPU.Build.0 = Release|Any CPU
		{83BD0F4B-C042-4365-A555-570064D96081}.Debug|Any CPU.ActiveCfg = Debug|Any CPU
		{83BD0F4B-C042-4365-A555-570064D96081}.Debug|Any CPU.Build.0 = Debug|Any CPU
		{83BD0F4B-C042-4365-A555-570064D96081}.Release|Any CPU.ActiveCfg = Release|Any CPU
		{83BD0F4B-C042-4365-A555-570064D96081}.Release|Any CPU.Build.0 = Release|Any CPU
	EndGlobalSection
	GlobalSection(SolutionProperties) = preSolution
		HideSolutionNode = FALSE
	EndGlobalSection
	GlobalSection(NestedProjects) = preSolution
		{03622F79-F856-4C60-98C2-2316A4FFD636} = {DA4E295B-8462-428B-AA45-0605639C9EBD}
		{65B3CA96-A7F5-4AAE-9BCA-F3AD9EB43552} = {E2128B0A-4972-4B4F-9EE2-CF255F5C7F64}
		{E2128B0A-4972-4B4F-9EE2-CF255F5C7F64} = {DA4E295B-8462-428B-AA45-0605639C9EBD}
		{23E0C49A-A6CE-43A1-B435-4F9E9B69505D} = {DA4E295B-8462-428B-AA45-0605639C9EBD}
		{34B2091B-C804-44A4-9683-83DB07ACC4B6} = {DA4E295B-8462-428B-AA45-0605639C9EBD}
		{90F204D4-30F6-4CA2-B8C2-26865244C2A3} = {DA4E295B-8462-428B-AA45-0605639C9EBD}
		{83BD0F4B-C042-4365-A555-570064D96081} = {54B0E563-6FF2-4C9E-893B-CE49C2A124C7}
	EndGlobalSection
	GlobalSection(ExtensibilityGlobals) = postSolution
		SolutionGuid = {7EE31779-B2C7-4412-B48B-EB1BB5207BBF}
	EndGlobalSection
EndGlobal
